
Microsoft Visual Studio Solution File, Format Version 12.00
# Visual Studio Version 16
VisualStudioVersion = 16.0.29418.71
MinimumVisualStudioVersion = 10.0.40219.1
Project("{FAE04EC0-301F-11D3-BF4B-00C04F79EFBC}") = "tic_tac_toe", "tic_tac_toe\tic_tac_toe.csproj", "{4C86DDDF-DB8D-4764-9B75-3FE1DF645FD7}"
EndProject
Global
	GlobalSection(SolutionConfigurationPlatforms) = preSolution
		Debug|Any CPU = Debug|Any CPU
		Release|Any CPU = Release|Any CPU
	EndGlobalSection
	GlobalSection(ProjectConfigurationPlatforms) = postSolution
		{4C86DDDF-DB8D-4764-9B75-3FE1DF645FD7}.Debug|Any CPU.ActiveCfg = Debug|Any CPU
		{4C86DDDF-DB8D-4764-9B75-3FE1DF645FD7}.Debug|Any CPU.Build.0 = Debug|Any CPU
		{4C86DDDF-DB8D-4764-9B75-3FE1DF645FD7}.Release|Any CPU.ActiveCfg = Release|Any CPU
		{4C86DDDF-DB8D-4764-9B75-3FE1DF645FD7}.Release|Any CPU.Build.0 = Release|Any CPU
	EndGlobalSection
	GlobalSection(SolutionProperties) = preSolution
		HideSolutionNode = FALSE
	EndGlobalSection
	GlobalSection(ExtensibilityGlobals) = postSolution
		SolutionGuid = {3BABC81B-E2E4-43D1-A514-33F7752F4B2E}
	EndGlobalSection
EndGlobal
